// !$*UTF8*$!
{
	archiveVersion = 1;
	classes = {
	};
	objectVersion = 77;
	objects = {

/* Begin PBXContainerItemProxy section */
		DC276C202CFE5CE2007F7F24 /* PBXContainerItemProxy */ = {
			isa = PBXContainerItemProxy;
			containerPortal = DC276C072CFE5CDE007F7F24 /* Project object */;
			proxyType = 1;
			remoteGlobalIDString = DC276C0E2CFE5CDE007F7F24;
			remoteInfo = JustSwipe;
		};
		DC276C2A2CFE5CE2007F7F24 /* PBXContainerItemProxy */ = {
			isa = PBXContainerItemProxy;
			containerPortal = DC276C072CFE5CDE007F7F24 /* Project object */;
			proxyType = 1;
			remoteGlobalIDString = DC276C0E2CFE5CDE007F7F24;
			remoteInfo = JustSwipe;
		};
/* End PBXContainerItemProxy section */

/* Begin PBXFileReference section */
		DC276C0F2CFE5CDE007F7F24 /* JustSwipe.app */ = {isa = PBXFileReference; explicitFileType = wrapper.application; includeInIndex = 0; path = JustSwipe.app; sourceTree = BUILT_PRODUCTS_DIR; };
		DC276C1F2CFE5CE2007F7F24 /* JustSwipeTests.xctest */ = {isa = PBXFileReference; explicitFileType = wrapper.cfbundle; includeInIndex = 0; path = JustSwipeTests.xctest; sourceTree = BUILT_PRODUCTS_DIR; };
		DC276C292CFE5CE2007F7F24 /* JustSwipeUITests.xctest */ = {isa = PBXFileReference; explicitFileType = wrapper.cfbundle; includeInIndex = 0; path = JustSwipeUITests.xctest; sourceTree = BUILT_PRODUCTS_DIR; };
/* End PBXFileReference section */

/* Begin PBXFileSystemSynchronizedRootGroup section */
		DC276C112CFE5CDE007F7F24 /* JustSwipe */ = {
			isa = PBXFileSystemSynchronizedRootGroup;
			path = JustSwipe;
			sourceTree = "<group>";
		};
		DC276C222CFE5CE2007F7F24 /* JustSwipeTests */ = {
			isa = PBXFileSystemSynchronizedRootGroup;
			path = JustSwipeTests;
			sourceTree = "<group>";
		};
		DC276C2C2CFE5CE2007F7F24 /* JustSwipeUITests */ = {
			isa = PBXFileSystemSynchronizedRootGroup;
			path = JustSwipeUITests;
			sourceTree = "<group>";
		};
/* End PBXFileSystemSynchronizedRootGroup section */

/* Begin PBXFrameworksBuildPhase section */
		DC276C0C2CFE5CDE007F7F24 /* Frameworks */ = {
			isa = PBXFrameworksBuildPhase;
			buildActionMask = 2147483647;
			files = (
			);
			runOnlyForDeploymentPostprocessing = 0;
		};
		DC276C1C2CFE5CE2007F7F24 /* Frameworks */ = {
			isa = PBXFrameworksBuildPhase;
			buildActionMask = 2147483647;
			files = (
			);
			runOnlyForDeploymentPostprocessing = 0;
		};
		DC276C262CFE5CE2007F7F24 /* Frameworks */ = {
			isa = PBXFrameworksBuildPhase;
			buildActionMask = 2147483647;
			files = (
			);
			runOnlyForDeploymentPostprocessing = 0;
		};
/* End PBXFrameworksBuildPhase section */

/* Begin PBXGroup section */
		DC276C062CFE5CDE007F7F24 = {
			isa = PBXGroup;
			children = (
				DC276C112CFE5CDE007F7F24 /* JustSwipe */,
				DC276C222CFE5CE2007F7F24 /* JustSwipeTests */,
				DC276C2C2CFE5CE2007F7F24 /* JustSwipeUITests */,
				DC276C102CFE5CDE007F7F24 /* Products */,
			);
			sourceTree = "<group>";
		};
		DC276C102CFE5CDE007F7F24 /* Products */ = {
			isa = PBXGroup;
			children = (
				DC276C0F2CFE5CDE007F7F24 /* JustSwipe.app */,
				DC276C1F2CFE5CE2007F7F24 /* JustSwipeTests.xctest */,
				DC276C292CFE5CE2007F7F24 /* JustSwipeUITests.xctest */,
			);
			name = Products;
			sourceTree = "<group>";
		};
/* End PBXGroup section */

/* Begin PBXNativeTarget section */
		DC276C0E2CFE5CDE007F7F24 /* JustSwipe */ = {
			isa = PBXNativeTarget;
			buildConfigurationList = DC276C332CFE5CE2007F7F24 /* Build configuration list for PBXNativeTarget "JustSwipe" */;
			buildPhases = (
				DC276C0B2CFE5CDE007F7F24 /* Sources */,
				DC276C0C2CFE5CDE007F7F24 /* Frameworks */,
				DC276C0D2CFE5CDE007F7F24 /* Resources */,
			);
			buildRules = (
			);
			dependencies = (
			);
			fileSystemSynchronizedGroups = (
				DC276C112CFE5CDE007F7F24 /* JustSwipe */,
			);
			name = JustSwipe;
			packageProductDependencies = (
			);
			productName = JustSwipe;
			productReference = DC276C0F2CFE5CDE007F7F24 /* JustSwipe.app */;
			productType = "com.apple.product-type.application";
		};
		DC276C1E2CFE5CE2007F7F24 /* JustSwipeTests */ = {
			isa = PBXNativeTarget;
			buildConfigurationList = DC276C362CFE5CE2007F7F24 /* Build configuration list for PBXNativeTarget "JustSwipeTests" */;
			buildPhases = (
				DC276C1B2CFE5CE2007F7F24 /* Sources */,
				DC276C1C2CFE5CE2007F7F24 /* Frameworks */,
				DC276C1D2CFE5CE2007F7F24 /* Resources */,
			);
			buildRules = (
			);
			dependencies = (
				DC276C212CFE5CE2007F7F24 /* PBXTargetDependency */,
			);
			fileSystemSynchronizedGroups = (
				DC276C222CFE5CE2007F7F24 /* JustSwipeTests */,
			);
			name = JustSwipeTests;
			packageProductDependencies = (
			);
			productName = JustSwipeTests;
			productReference = DC276C1F2CFE5CE2007F7F24 /* JustSwipeTests.xctest */;
			productType = "com.apple.product-type.bundle.unit-test";
		};
		DC276C282CFE5CE2007F7F24 /* JustSwipeUITests */ = {
			isa = PBXNativeTarget;
			buildConfigurationList = DC276C392CFE5CE2007F7F24 /* Build configuration list for PBXNativeTarget "JustSwipeUITests" */;
			buildPhases = (
				DC276C252CFE5CE2007F7F24 /* Sources */,
				DC276C262CFE5CE2007F7F24 /* Frameworks */,
				DC276C272CFE5CE2007F7F24 /* Resources */,
			);
			buildRules = (
			);
			dependencies = (
				DC276C2B2CFE5CE2007F7F24 /* PBXTargetDependency */,
			);
			fileSystemSynchronizedGroups = (
				DC276C2C2CFE5CE2007F7F24 /* JustSwipeUITests */,
			);
			name = JustSwipeUITests;
			packageProductDependencies = (
			);
			productName = JustSwipeUITests;
			productReference = DC276C292CFE5CE2007F7F24 /* JustSwipeUITests.xctest */;
			productType = "com.apple.product-type.bundle.ui-testing";
		};
/* End PBXNativeTarget section */

/* Begin PBXProject section */
		DC276C072CFE5CDE007F7F24 /* Project object */ = {
			isa = PBXProject;
			attributes = {
				BuildIndependentTargetsInParallel = 1;
				LastSwiftUpdateCheck = 1610;
				LastUpgradeCheck = 1610;
				TargetAttributes = {
					DC276C0E2CFE5CDE007F7F24 = {
						CreatedOnToolsVersion = 16.1;
					};
					DC276C1E2CFE5CE2007F7F24 = {
						CreatedOnToolsVersion = 16.1;
						TestTargetID = DC276C0E2CFE5CDE007F7F24;
					};
					DC276C282CFE5CE2007F7F24 = {
						CreatedOnToolsVersion = 16.1;
						TestTargetID = DC276C0E2CFE5CDE007F7F24;
					};
				};
			};
			buildConfigurationList = DC276C0A2CFE5CDE007F7F24 /* Build configuration list for PBXProject "JustSwipe" */;
			developmentRegion = en;
			hasScannedForEncodings = 0;
			knownRegions = (
				en,
				Base,
			);
			mainGroup = DC276C062CFE5CDE007F7F24;
			minimizedProjectReferenceProxies = 1;
			preferredProjectObjectVersion = 77;
			productRefGroup = DC276C102CFE5CDE007F7F24 /* Products */;
			projectDirPath = "";
			projectRoot = "";
			targets = (
				DC276C0E2CFE5CDE007F7F24 /* JustSwipe */,
				DC276C1E2CFE5CE2007F7F24 /* JustSwipeTests */,
				DC276C282CFE5CE2007F7F24 /* JustSwipeUITests */,
			);
		};
/* End PBXProject section */

/* Begin PBXResourcesBuildPhase section */
		DC276C0D2CFE5CDE007F7F24 /* Resources */ = {
			isa = PBXResourcesBuildPhase;
			buildActionMask = 2147483647;
			files = (
			);
			runOnlyForDeploymentPostprocessing = 0;
		};
		DC276C1D2CFE5CE2007F7F24 /* Resources */ = {
			isa = PBXResourcesBuildPhase;
			buildActionMask = 2147483647;
			files = (
			);
			runOnlyForDeploymentPostprocessing = 0;
		};
		DC276C272CFE5CE2007F7F24 /* Resources */ = {
			isa = PBXResourcesBuildPhase;
			buildActionMask = 2147483647;
			files = (
			);
			runOnlyForDeploymentPostprocessing = 0;
		};
/* End PBXResourcesBuildPhase section */

/* Begin PBXSourcesBuildPhase section */
		DC276C0B2CFE5CDE007F7F24 /* Sources */ = {
			isa = PBXSourcesBuildPhase;
			buildActionMask = 2147483647;
			files = (
			);
			runOnlyForDeploymentPostprocessing = 0;
		};
		DC276C1B2CFE5CE2007F7F24 /* Sources */ = {
			isa = PBXSourcesBuildPhase;
			buildActionMask = 2147483647;
			files = (
			);
			runOnlyForDeploymentPostprocessing = 0;
		};
		DC276C252CFE5CE2007F7F24 /* Sources */ = {
			isa = PBXSourcesBuildPhase;
			buildActionMask = 2147483647;
			files = (
			);
			runOnlyForDeploymentPostprocessing = 0;
		};
/* End PBXSourcesBuildPhase section */

/* Begin PBXTargetDependency section */
		DC276C212CFE5CE2007F7F24 /* PBXTargetDependency */ = {
			isa = PBXTargetDependency;
			target = DC276C0E2CFE5CDE007F7F24 /* JustSwipe */;
			targetProxy = DC276C202CFE5CE2007F7F24 /* PBXContainerItemProxy */;
		};
		DC276C2B2CFE5CE2007F7F24 /* PBXTargetDependency */ = {
			isa = PBXTargetDependency;
			target = DC276C0E2CFE5CDE007F7F24 /* JustSwipe */;
			targetProxy = DC276C2A2CFE5CE2007F7F24 /* PBXContainerItemProxy */;
		};
/* End PBXTargetDependency section */

/* Begin XCBuildConfiguration section */
		DC276C312CFE5CE2007F7F24 /* Debug */ = {
			isa = XCBuildConfiguration;
			buildSettings = {
				ALWAYS_SEARCH_USER_PATHS = NO;
				ASSETCATALOG_COMPILER_GENERATE_SWIFT_ASSET_SYMBOL_EXTENSIONS = YES;
				CLANG_ANALYZER_NONNULL = YES;
				CLANG_ANALYZER_NUMBER_OBJECT_CONVERSION = YES_AGGRESSIVE;
				CLANG_CXX_LANGUAGE_STANDARD = "gnu++20";
				CLANG_ENABLE_MODULES = YES;
				CLANG_ENABLE_OBJC_ARC = YES;
				CLANG_ENABLE_OBJC_WEAK = YES;
				CLANG_WARN_BLOCK_CAPTURE_AUTORELEASING = YES;
				CLANG_WARN_BOOL_CONVERSION = YES;
				CLANG_WARN_COMMA = YES;
				CLANG_WARN_CONSTANT_CONVERSION = YES;
				CLANG_WARN_DEPRECATED_OBJC_IMPLEMENTATIONS = YES;
				CLANG_WARN_DIRECT_OBJC_ISA_USAGE = YES_ERROR;
				CLANG_WARN_DOCUMENTATION_COMMENTS = YES;
				CLANG_WARN_EMPTY_BODY = YES;
				CLANG_WARN_ENUM_CONVERSION = YES;
				CLANG_WARN_INFINITE_RECURSION = YES;
				CLANG_WARN_INT_CONVERSION = YES;
				CLANG_WARN_NON_LITERAL_NULL_CONVERSION = YES;
				CLANG_WARN_OBJC_IMPLICIT_RETAIN_SELF = YES;
				CLANG_WARN_OBJC_LITERAL_CONVERSION = YES;
				CLANG_WARN_OBJC_ROOT_CLASS = YES_ERROR;
				CLANG_WARN_QUOTED_INCLUDE_IN_FRAMEWORK_HEADER = YES;
				CLANG_WARN_RANGE_LOOP_ANALYSIS = YES;
				CLANG_WARN_STRICT_PROTOTYPES = YES;
				CLANG_WARN_SUSPICIOUS_MOVE = YES;
				CLANG_WARN_UNGUARDED_AVAILABILITY = YES_AGGRESSIVE;
				CLANG_WARN_UNREACHABLE_CODE = YES;
				CLANG_WARN__DUPLICATE_METHOD_MATCH = YES;
				COPY_PHASE_STRIP = NO;
				DEBUG_INFORMATION_FORMAT = dwarf;
				ENABLE_STRICT_OBJC_MSGSEND = YES;
				ENABLE_TESTABILITY = YES;
				ENABLE_USER_SCRIPT_SANDBOXING = YES;
				GCC_C_LANGUAGE_STANDARD = gnu17;
				GCC_DYNAMIC_NO_PIC = NO;
				GCC_NO_COMMON_BLOCKS = YES;
				GCC_OPTIMIZATION_LEVEL = 0;
				GCC_PREPROCESSOR_DEFINITIONS = (
					"DEBUG=1",
					"$(inherited)",
				);
				GCC_WARN_64_TO_32_BIT_CONVERSION = YES;
				GCC_WARN_ABOUT_RETURN_TYPE = YES_ERROR;
				GCC_WARN_UNDECLARED_SELECTOR = YES;
				GCC_WARN_UNINITIALIZED_AUTOS = YES_AGGRESSIVE;
				GCC_WARN_UNUSED_FUNCTION = YES;
				GCC_WARN_UNUSED_VARIABLE = YES;
				IPHONEOS_DEPLOYMENT_TARGET = 18.1;
				LOCALIZATION_PREFERS_STRING_CATALOGS = YES;
				MTL_ENABLE_DEBUG_INFO = INCLUDE_SOURCE;
				MTL_FAST_MATH = YES;
				ONLY_ACTIVE_ARCH = YES;
				SDKROOT = iphoneos;
				SWIFT_ACTIVE_COMPILATION_CONDITIONS = "DEBUG $(inherited)";
				SWIFT_OPTIMIZATION_LEVEL = "-Onone";
			};
			name = Debug;
		};
		DC276C322CFE5CE2007F7F24 /* Release */ = {
			isa = XCBuildConfiguration;
			buildSettings = {
				ALWAYS_SEARCH_USER_PATHS = NO;
				ASSETCATALOG_COMPILER_GENERATE_SWIFT_ASSET_SYMBOL_EXTENSIONS = YES;
				CLANG_ANALYZER_NONNULL = YES;
				CLANG_ANALYZER_NUMBER_OBJECT_CONVERSION = YES_AGGRESSIVE;
				CLANG_CXX_LANGUAGE_STANDARD = "gnu++20";
				CLANG_ENABLE_MODULES = YES;
				CLANG_ENABLE_OBJC_ARC = YES;
				CLANG_ENABLE_OBJC_WEAK = YES;
				CLANG_WARN_BLOCK_CAPTURE_AUTORELEASING = YES;
				CLANG_WARN_BOOL_CONVERSION = YES;
				CLANG_WARN_COMMA = YES;
				CLANG_WARN_CONSTANT_CONVERSION = YES;
				CLANG_WARN_DEPRECATED_OBJC_IMPLEMENTATIONS = YES;
				CLANG_WARN_DIRECT_OBJC_ISA_USAGE = YES_ERROR;
				CLANG_WARN_DOCUMENTATION_COMMENTS = YES;
				CLANG_WARN_EMPTY_BODY = YES;
				CLANG_WARN_ENUM_CONVERSION = YES;
				CLANG_WARN_INFINITE_RECURSION = YES;
				CLANG_WARN_INT_CONVERSION = YES;
				CLANG_WARN_NON_LITERAL_NULL_CONVERSION = YES;
				CLANG_WARN_OBJC_IMPLICIT_RETAIN_SELF = YES;
				CLANG_WARN_OBJC_LITERAL_CONVERSION = YES;
				CLANG_WARN_OBJC_ROOT_CLASS = YES_ERROR;
				CLANG_WARN_QUOTED_INCLUDE_IN_FRAMEWORK_HEADER = YES;
				CLANG_WARN_RANGE_LOOP_ANALYSIS = YES;
				CLANG_WARN_STRICT_PROTOTYPES = YES;
				CLANG_WARN_SUSPICIOUS_MOVE = YES;
				CLANG_WARN_UNGUARDED_AVAILABILITY = YES_AGGRESSIVE;
				CLANG_WARN_UNREACHABLE_CODE = YES;
				CLANG_WARN__DUPLICATE_METHOD_MATCH = YES;
				COPY_PHASE_STRIP = NO;
				DEBUG_INFORMATION_FORMAT = "dwarf-with-dsym";
				ENABLE_NS_ASSERTIONS = NO;
				ENABLE_STRICT_OBJC_MSGSEND = YES;
				ENABLE_USER_SCRIPT_SANDBOXING = YES;
				GCC_C_LANGUAGE_STANDARD = gnu17;
				GCC_NO_COMMON_BLOCKS = YES;
				GCC_WARN_64_TO_32_BIT_CONVERSION = YES;
				GCC_WARN_ABOUT_RETURN_TYPE = YES_ERROR;
				GCC_WARN_UNDECLARED_SELECTOR = YES;
				GCC_WARN_UNINITIALIZED_AUTOS = YES_AGGRESSIVE;
				GCC_WARN_UNUSED_FUNCTION = YES;
				GCC_WARN_UNUSED_VARIABLE = YES;
				IPHONEOS_DEPLOYMENT_TARGET = 18.1;
				LOCALIZATION_PREFERS_STRING_CATALOGS = YES;
				MTL_ENABLE_DEBUG_INFO = NO;
				MTL_FAST_MATH = YES;
				SDKROOT = iphoneos;
				SWIFT_COMPILATION_MODE = wholemodule;
				VALIDATE_PRODUCT = YES;
			};
			name = Release;
		};
		DC276C342CFE5CE2007F7F24 /* Debug */ = {
			isa = XCBuildConfiguration;
			buildSettings = {
				ASSETCATALOG_COMPILER_APPICON_NAME = AppIcon;
				ASSETCATALOG_COMPILER_GLOBAL_ACCENT_COLOR_NAME = AccentColor;
				CODE_SIGN_STYLE = Automatic;
				CURRENT_PROJECT_VERSION = 1;
				DEVELOPMENT_ASSET_PATHS = "\"JustSwipe/Preview Content\"";
				ENABLE_PREVIEWS = YES;
				GENERATE_INFOPLIST_FILE = YES;
				INFOPLIST_KEY_UIApplicationSceneManifest_Generation = YES;
				INFOPLIST_KEY_UIApplicationSupportsIndirectInputEvents = YES;
				INFOPLIST_KEY_UILaunchScreen_Generation = YES;
				INFOPLIST_KEY_UISupportedInterfaceOrientations_iPad = "UIInterfaceOrientationPortrait UIInterfaceOrientationPortraitUpsideDown UIInterfaceOrientationLandscapeLeft UIInterfaceOrientationLandscapeRight";
				INFOPLIST_KEY_UISupportedInterfaceOrientations_iPhone = "UIInterfaceOrientationPortrait UIInterfaceOrientationLandscapeLeft UIInterfaceOrientationLandscapeRight";
				LD_RUNPATH_SEARCH_PATHS = (
					"$(inherited)",
					"@executable_path/Frameworks",
				);
				MARKETING_VERSION = 1.0;
				PRODUCT_BUNDLE_IDENTIFIER = "jones-peewee.TakeControl.JustSwipe";
				PRODUCT_NAME = "$(TARGET_NAME)";
				SWIFT_EMIT_LOC_STRINGS = YES;
				SWIFT_VERSION = 5.0;
				TARGETED_DEVICE_FAMILY = "1,2";
			};
			name = Debug;
		};
		DC276C352CFE5CE2007F7F24 /* Release */ = {
			isa = XCBuildConfiguration;
			buildSettings = {
				ASSETCATALOG_COMPILER_APPICON_NAME = AppIcon;
				ASSETCATALOG_COMPILER_GLOBAL_ACCENT_COLOR_NAME = AccentColor;
				CODE_SIGN_STYLE = Automatic;
				CURRENT_PROJECT_VERSION = 1;
				DEVELOPMENT_ASSET_PATHS = "\"JustSwipe/Preview Content\"";
				ENABLE_PREVIEWS = YES;
				GENERATE_INFOPLIST_FILE = YES;
				INFOPLIST_KEY_UIApplicationSceneManifest_Generation = YES;
				INFOPLIST_KEY_UIApplicationSupportsIndirectInputEvents = YES;
				INFOPLIST_KEY_UILaunchScreen_Generation = YES;
				INFOPLIST_KEY_UISupportedInterfaceOrientations_iPad = "UIInterfaceOrientationPortrait UIInterfaceOrientationPortraitUpsideDown UIInterfaceOrientationLandscapeLeft UIInterfaceOrientationLandscapeRight";
				INFOPLIST_KEY_UISupportedInterfaceOrientations_iPhone = "UIInterfaceOrientationPortrait UIInterfaceOrientationLandscapeLeft UIInterfaceOrientationLandscapeRight";
				LD_RUNPATH_SEARCH_PATHS = (
					"$(inherited)",
					"@executable_path/Frameworks",
				);
				MARKETING_VERSION = 1.0;
				PRODUCT_BUNDLE_IDENTIFIER = "jones-peewee.TakeControl.JustSwipe";
				PRODUCT_NAME = "$(TARGET_NAME)";
				SWIFT_EMIT_LOC_STRINGS = YES;
				SWIFT_VERSION = 5.0;
				TARGETED_DEVICE_FAMILY = "1,2";
			};
			name = Release;
		};
		DC276C372CFE5CE2007F7F24 /* Debug */ = {
			isa = XCBuildConfiguration;
			buildSettings = {
				BUNDLE_LOADER = "$(TEST_HOST)";
				CODE_SIGN_STYLE = Automatic;
				CURRENT_PROJECT_VERSION = 1;
				GENERATE_INFOPLIST_FILE = YES;
				IPHONEOS_DEPLOYMENT_TARGET = 18.1;
				MARKETING_VERSION = 1.0;
				PRODUCT_BUNDLE_IDENTIFIER = "jones-peewee.TakeControl.JustSwipeTests";
				PRODUCT_NAME = "$(TARGET_NAME)";
				SWIFT_EMIT_LOC_STRINGS = NO;
				SWIFT_VERSION = 5.0;
				TARGETED_DEVICE_FAMILY = "1,2";
				TEST_HOST = "$(BUILT_PRODUCTS_DIR)/JustSwipe.app/$(BUNDLE_EXECUTABLE_FOLDER_PATH)/JustSwipe";
			};
			name = Debug;
		};
		DC276C382CFE5CE2007F7F24 /* Release */ = {
			isa = XCBuildConfiguration;
			buildSettings = {
				BUNDLE_LOADER = "$(TEST_HOST)";
				CODE_SIGN_STYLE = Automatic;
				CURRENT_PROJECT_VERSION = 1;
				GENERATE_INFOPLIST_FILE = YES;
				IPHONEOS_DEPLOYMENT_TARGET = 18.1;
				MARKETING_VERSION = 1.0;
				PRODUCT_BUNDLE_IDENTIFIER = "jones-peewee.TakeControl.JustSwipeTests";
				PRODUCT_NAME = "$(TARGET_NAME)";
				SWIFT_EMIT_LOC_STRINGS = NO;
				SWIFT_VERSION = 5.0;
				TARGETED_DEVICE_FAMILY = "1,2";
				TEST_HOST = "$(BUILT_PRODUCTS_DIR)/JustSwipe.app/$(BUNDLE_EXECUTABLE_FOLDER_PATH)/JustSwipe";
			};
			name = Release;
		};
		DC276C3A2CFE5CE2007F7F24 /* Debug */ = {
			isa = XCBuildConfiguration;
			buildSettings = {
				CODE_SIGN_STYLE = Automatic;
				CURRENT_PROJECT_VERSION = 1;
				GENERATE_INFOPLIST_FILE = YES;
				MARKETING_VERSION = 1.0;
				PRODUCT_BUNDLE_IDENTIFIER = "jones-peewee.TakeControl.JustSwipeUITests";
				PRODUCT_NAME = "$(TARGET_NAME)";
				SWIFT_EMIT_LOC_STRINGS = NO;
				SWIFT_VERSION = 5.0;
				TARGETED_DEVICE_FAMILY = "1,2";
				TEST_TARGET_NAME = JustSwipe;
			};
			name = Debug;
		};
		DC276C3B2CFE5CE2007F7F24 /* Release */ = {
			isa = XCBuildConfiguration;
			buildSettings = {
				CODE_SIGN_STYLE = Automatic;
				CURRENT_PROJECT_VERSION = 1;
				GENERATE_INFOPLIST_FILE = YES;
				MARKETING_VERSION = 1.0;
				PRODUCT_BUNDLE_IDENTIFIER = "jones-peewee.TakeControl.JustSwipeUITests";
				PRODUCT_NAME = "$(TARGET_NAME)";
				SWIFT_EMIT_LOC_STRINGS = NO;
				SWIFT_VERSION = 5.0;
				TARGETED_DEVICE_FAMILY = "1,2";
				TEST_TARGET_NAME = JustSwipe;
			};
			name = Release;
		};
/* End XCBuildConfiguration section */

/* Begin XCConfigurationList section */
		DC276C0A2CFE5CDE007F7F24 /* Build configuration list for PBXProject "JustSwipe" */ = {
			isa = XCConfigurationList;
			buildConfigurations = (
				DC276C312CFE5CE2007F7F24 /* Debug */,
				DC276C322CFE5CE2007F7F24 /* Release */,
			);
			defaultConfigurationIsVisible = 0;
			defaultConfigurationName = Release;
		};
		DC276C332CFE5CE2007F7F24 /* Build configuration list for PBXNativeTarget "JustSwipe" */ = {
			isa = XCConfigurationList;
			buildConfigurations = (
				DC276C342CFE5CE2007F7F24 /* Debug */,
				DC276C352CFE5CE2007F7F24 /* Release */,
			);
			defaultConfigurationIsVisible = 0;
			defaultConfigurationName = Release;
		};
		DC276C362CFE5CE2007F7F24 /* Build configuration list for PBXNativeTarget "JustSwipeTests" */ = {
			isa = XCConfigurationList;
			buildConfigurations = (
				DC276C372CFE5CE2007F7F24 /* Debug */,
				DC276C382CFE5CE2007F7F24 /* Release */,
			);
			defaultConfigurationIsVisible = 0;
			defaultConfigurationName = Release;
		};
		DC276C392CFE5CE2007F7F24 /* Build configuration list for PBXNativeTarget "JustSwipeUITests" */ = {
			isa = XCConfigurationList;
			buildConfigurations = (
				DC276C3A2CFE5CE2007F7F24 /* Debug */,
				DC276C3B2CFE5CE2007F7F24 /* Release */,
			);
			defaultConfigurationIsVisible = 0;
			defaultConfigurationName = Release;
		};
/* End XCConfigurationList section */
	};
	rootObject = DC276C072CFE5CDE007F7F24 /* Project object */;
}
